
Microsoft Visual Studio Solution File, Format Version 12.00
# Visual Studio Version 16
VisualStudioVersion = 16.0.30406.217
MinimumVisualStudioVersion = 10.0.40219.1
Project("{FAE04EC0-301F-11D3-BF4B-00C04F79EFBC}") = "FreecellApp.Android", "FreecellApp.Android\FreecellApp.Android.csproj", "{7EF8FCE6-37D3-48DA-8DDF-C563E017CA6A}"
EndProject
Project("{FAE04EC0-301F-11D3-BF4B-00C04F79EFBC}") = "FreecellApp.iOS", "FreecellApp.iOS\FreecellApp.iOS.csproj", "{2B01A2F7-2E5E-4354-BD02-65FDAB8FA13A}"
EndProject
Project("{9A19103F-16F7-4668-BE54-9A1E7A4F7556}") = "FreecellApp", "FreecellApp\FreecellApp.csproj", "{609293C4-ABBD-405C-A515-330BF2C8C5C5}"
EndProject
Project("{FAE04EC0-301F-11D3-BF4B-00C04F79EFBC}") = "FreecellLib", "FreecellLib\FreecellLib.csproj", "{AC6A29C9-D6AF-4AC7-9944-1E421ECAEE53}"
EndProject
Project("{FAE04EC0-301F-11D3-BF4B-00C04F79EFBC}") = "FreecellLibTest", "FreecellLibTest\FreecellLibTest.csproj", "{B2361F72-2DE3-4113-878C-B9BE62E8E743}"
EndProject
Global
	GlobalSection(SolutionConfigurationPlatforms) = preSolution
		Debug|Any CPU = Debug|Any CPU
		Debug|iPhone = Debug|iPhone
		Debug|iPhoneSimulator = Debug|iPhoneSimulator
		Release|Any CPU = Release|Any CPU
		Release|iPhone = Release|iPhone
		Release|iPhoneSimulator = Release|iPhoneSimulator
	EndGlobalSection
	GlobalSection(ProjectConfigurationPlatforms) = postSolution
		{7EF8FCE6-37D3-48DA-8DDF-C563E017CA6A}.Debug|Any CPU.ActiveCfg = Debug|Any CPU
		{7EF8FCE6-37D3-48DA-8DDF-C563E017CA6A}.Debug|Any CPU.Build.0 = Debug|Any CPU
		{7EF8FCE6-37D3-48DA-8DDF-C563E017CA6A}.Debug|Any CPU.Deploy.0 = Debug|Any CPU
		{7EF8FCE6-37D3-48DA-8DDF-C563E017CA6A}.Debug|iPhone.ActiveCfg = Debug|Any CPU
		{7EF8FCE6-37D3-48DA-8DDF-C563E017CA6A}.Debug|iPhone.Build.0 = Debug|Any CPU
		{7EF8FCE6-37D3-48DA-8DDF-C563E017CA6A}.Debug|iPhone.Deploy.0 = Debug|Any CPU
		{7EF8FCE6-37D3-48DA-8DDF-C563E017CA6A}.Debug|iPhoneSimulator.ActiveCfg = Debug|Any CPU
		{7EF8FCE6-37D3-48DA-8DDF-C563E017CA6A}.Debug|iPhoneSimulator.Build.0 = Debug|Any CPU
		{7EF8FCE6-37D3-48DA-8DDF-C563E017CA6A}.Debug|iPhoneSimulator.Deploy.0 = Debug|Any CPU
		{7EF8FCE6-37D3-48DA-8DDF-C563E017CA6A}.Release|Any CPU.ActiveCfg = Release|Any CPU
		{7EF8FCE6-37D3-48DA-8DDF-C563E017CA6A}.Release|Any CPU.Build.0 = Release|Any CPU
		{7EF8FCE6-37D3-48DA-8DDF-C563E017CA6A}.Release|Any CPU.Deploy.0 = Release|Any CPU
		{7EF8FCE6-37D3-48DA-8DDF-C563E017CA6A}.Release|iPhone.ActiveCfg = Release|Any CPU
		{7EF8FCE6-37D3-48DA-8DDF-C563E017CA6A}.Release|iPhone.Build.0 = Release|Any CPU
		{7EF8FCE6-37D3-48DA-8DDF-C563E017CA6A}.Release|iPhone.Deploy.0 = Release|Any CPU
		{7EF8FCE6-37D3-48DA-8DDF-C563E017CA6A}.Release|iPhoneSimulator.ActiveCfg = Release|Any CPU
		{7EF8FCE6-37D3-48DA-8DDF-C563E017CA6A}.Release|iPhoneSimulator.Build.0 = Release|Any CPU
		{7EF8FCE6-37D3-48DA-8DDF-C563E017CA6A}.Release|iPhoneSimulator.Deploy.0 = Release|Any CPU
		{2B01A2F7-2E5E-4354-BD02-65FDAB8FA13A}.Debug|Any CPU.ActiveCfg = Debug|iPhone
		{2B01A2F7-2E5E-4354-BD02-65FDAB8FA13A}.Debug|Any CPU.Build.0 = Debug|iPhone
		{2B01A2F7-2E5E-4354-BD02-65FDAB8FA13A}.Debug|Any CPU.Deploy.0 = Debug|iPhone
		{2B01A2F7-2E5E-4354-BD02-65FDAB8FA13A}.Debug|iPhone.ActiveCfg = Debug|iPhone
		{2B01A2F7-2E5E-4354-BD02-65FDAB8FA13A}.Debug|iPhone.Build.0 = Debug|iPhone
		{2B01A2F7-2E5E-4354-BD02-65FDAB8FA13A}.Debug|iPhone.Deploy.0 = Debug|iPhone
		{2B01A2F7-2E5E-4354-BD02-65FDAB8FA13A}.Debug|iPhoneSimulator.ActiveCfg = Debug|iPhoneSimulator
		{2B01A2F7-2E5E-4354-BD02-65FDAB8FA13A}.Debug|iPhoneSimulator.Build.0 = Debug|iPhoneSimulator
		{2B01A2F7-2E5E-4354-BD02-65FDAB8FA13A}.Debug|iPhoneSimulator.Deploy.0 = Debug|iPhoneSimulator
		{2B01A2F7-2E5E-4354-BD02-65FDAB8FA13A}.Release|Any CPU.ActiveCfg = Release|iPhone
		{2B01A2F7-2E5E-4354-BD02-65FDAB8FA13A}.Release|Any CPU.Build.0 = Release|iPhone
		{2B01A2F7-2E5E-4354-BD02-65FDAB8FA13A}.Release|Any CPU.Deploy.0 = Release|iPhone
		{2B01A2F7-2E5E-4354-BD02-65FDAB8FA13A}.Release|iPhone.ActiveCfg = Release|iPhone
		{2B01A2F7-2E5E-4354-BD02-65FDAB8FA13A}.Release|iPhone.Build.0 = Release|iPhone
		{2B01A2F7-2E5E-4354-BD02-65FDAB8FA13A}.Release|iPhone.Deploy.0 = Release|iPhone
		{2B01A2F7-2E5E-4354-BD02-65FDAB8FA13A}.Release|iPhoneSimulator.ActiveCfg = Release|iPhoneSimulator
		{2B01A2F7-2E5E-4354-BD02-65FDAB8FA13A}.Release|iPhoneSimulator.Build.0 = Release|iPhoneSimulator
		{2B01A2F7-2E5E-4354-BD02-65FDAB8FA13A}.Release|iPhoneSimulator.Deploy.0 = Release|iPhoneSimulator
		{609293C4-ABBD-405C-A515-330BF2C8C5C5}.Debug|Any CPU.ActiveCfg = Debug|Any CPU
		{609293C4-ABBD-405C-A515-330BF2C8C5C5}.Debug|Any CPU.Build.0 = Debug|Any CPU
		{609293C4-ABBD-405C-A515-330BF2C8C5C5}.Debug|Any CPU.Deploy.0 = Debug|Any CPU
		{609293C4-ABBD-405C-A515-330BF2C8C5C5}.Debug|iPhone.ActiveCfg = Debug|Any CPU
		{609293C4-ABBD-405C-A515-330BF2C8C5C5}.Debug|iPhone.Build.0 = Debug|Any CPU
		{609293C4-ABBD-405C-A515-330BF2C8C5C5}.Debug|iPhone.Deploy.0 = Debug|Any CPU
		{609293C4-ABBD-405C-A515-330BF2C8C5C5}.Debug|iPhoneSimulator.ActiveCfg = Debug|Any CPU
		{609293C4-ABBD-405C-A515-330BF2C8C5C5}.Debug|iPhoneSimulator.Build.0 = Debug|Any CPU
		{609293C4-ABBD-405C-A515-330BF2C8C5C5}.Debug|iPhoneSimulator.Deploy.0 = Debug|Any CPU
		{609293C4-ABBD-405C-A515-330BF2C8C5C5}.Release|Any CPU.ActiveCfg = Release|Any CPU
		{609293C4-ABBD-405C-A515-330BF2C8C5C5}.Release|Any CPU.Build.0 = Release|Any CPU
		{609293C4-ABBD-405C-A515-330BF2C8C5C5}.Release|Any CPU.Deploy.0 = Release|Any CPU
		{609293C4-ABBD-405C-A515-330BF2C8C5C5}.Release|iPhone.ActiveCfg = Release|Any CPU
		{609293C4-ABBD-405C-A515-330BF2C8C5C5}.Release|iPhone.Build.0 = Release|Any CPU
		{609293C4-ABBD-405C-A515-330BF2C8C5C5}.Release|iPhone.Deploy.0 = Release|Any CPU
		{609293C4-ABBD-405C-A515-330BF2C8C5C5}.Release|iPhoneSimulator.ActiveCfg = Release|Any CPU
		{609293C4-ABBD-405C-A515-330BF2C8C5C5}.Release|iPhoneSimulator.Build.0 = Release|Any CPU
		{609293C4-ABBD-405C-A515-330BF2C8C5C5}.Release|iPhoneSimulator.Deploy.0 = Release|Any CPU
		{AC6A29C9-D6AF-4AC7-9944-1E421ECAEE53}.Debug|Any CPU.ActiveCfg = Debug|Any CPU
		{AC6A29C9-D6AF-4AC7-9944-1E421ECAEE53}.Debug|Any CPU.Build.0 = Debug|Any CPU
		{AC6A29C9-D6AF-4AC7-9944-1E421ECAEE53}.Debug|iPhone.ActiveCfg = Debug|Any CPU
		{AC6A29C9-D6AF-4AC7-9944-1E421ECAEE53}.Debug|iPhone.Build.0 = Debug|Any CPU
		{AC6A29C9-D6AF-4AC7-9944-1E421ECAEE53}.Debug|iPhoneSimulator.ActiveCfg = Debug|Any CPU
		{AC6A29C9-D6AF-4AC7-9944-1E421ECAEE53}.Debug|iPhoneSimulator.Build.0 = Debug|Any CPU
		{AC6A29C9-D6AF-4AC7-9944-1E421ECAEE53}.Release|Any CPU.ActiveCfg = Release|Any CPU
		{AC6A29C9-D6AF-4AC7-9944-1E421ECAEE53}.Release|Any CPU.Build.0 = Release|Any CPU
		{AC6A29C9-D6AF-4AC7-9944-1E421ECAEE53}.Release|iPhone.ActiveCfg = Release|Any CPU
		{AC6A29C9-D6AF-4AC7-9944-1E421ECAEE53}.Release|iPhone.Build.0 = Release|Any CPU
		{AC6A29C9-D6AF-4AC7-9944-1E421ECAEE53}.Release|iPhoneSimulator.ActiveCfg = Release|Any CPU
		{AC6A29C9-D6AF-4AC7-9944-1E421ECAEE53}.Release|iPhoneSimulator.Build.0 = Release|Any CPU
		{B2361F72-2DE3-4113-878C-B9BE62E8E743}.Debug|Any CPU.ActiveCfg = Debug|Any CPU
		{B2361F72-2DE3-4113-878C-B9BE62E8E743}.Debug|Any CPU.Build.0 = Debug|Any CPU
		{B2361F72-2DE3-4113-878C-B9BE62E8E743}.Debug|iPhone.ActiveCfg = Debug|Any CPU
		{B2361F72-2DE3-4113-878C-B9BE62E8E743}.Debug|iPhone.Build.0 = Debug|Any CPU
		{B2361F72-2DE3-4113-878C-B9BE62E8E743}.Debug|iPhoneSimulator.ActiveCfg = Debug|Any CPU
		{B2361F72-2DE3-4113-878C-B9BE62E8E743}.Debug|iPhoneSimulator.Build.0 = Debug|Any CPU
		{B2361F72-2DE3-4113-878C-B9BE62E8E743}.Release|Any CPU.ActiveCfg = Release|Any CPU
		{B2361F72-2DE3-4113-878C-B9BE62E8E743}.Release|Any CPU.Build.0 = Release|Any CPU
		{B2361F72-2DE3-4113-878C-B9BE62E8E743}.Release|iPhone.ActiveCfg = Release|Any CPU
		{B2361F72-2DE3-4113-878C-B9BE62E8E743}.Release|iPhone.Build.0 = Release|Any CPU
		{B2361F72-2DE3-4113-878C-B9BE62E8E743}.Release|iPhoneSimulator.ActiveCfg = Release|Any CPU
		{B2361F72-2DE3-4113-878C-B9BE62E8E743}.Release|iPhoneSimulator.Build.0 = Release|Any CPU
	EndGlobalSection
	GlobalSection(SolutionProperties) = preSolution
		HideSolutionNode = FALSE
	EndGlobalSection
	GlobalSection(ExtensibilityGlobals) = postSolution
		SolutionGuid = {4F3CD889-A124-41E0-AA36-A1AEC686F136}
	EndGlobalSection
EndGlobal
